
Microsoft Visual Studio Solution File, Format Version 12.00
# Visual Studio Version 16
VisualStudioVersion = 16.0.31005.135
MinimumVisualStudioVersion = 10.0.40219.1
Project("{FAE04EC0-301F-11D3-BF4B-00C04F79EFBC}") = "wpf_login", "wpf_login.csproj", "{982CBB82-622F-4E64-9B05-392D643C86E1}"
EndProject
Global
	GlobalSection(SolutionConfigurationPlatforms) = preSolution
		Debug|Any CPU = Debug|Any CPU
		Release|Any CPU = Release|Any CPU
	EndGlobalSection
	GlobalSection(ProjectConfigurationPlatforms) = postSolution
		{982CBB82-622F-4E64-9B05-392D643C86E1}.Debug|Any CPU.ActiveCfg = Debug|Any CPU
		{982CBB82-622F-4E64-9B05-392D643C86E1}.Debug|Any CPU.Build.0 = Debug|Any CPU
		{982CBB82-622F-4E64-9B05-392D643C86E1}.Release|Any CPU.ActiveCfg = Release|Any CPU
		{982CBB82-622F-4E64-9B05-392D643C86E1}.Release|Any CPU.Build.0 = Release|Any CPU
	EndGlobalSection
	GlobalSection(SolutionProperties) = preSolution
		HideSolutionNode = FALSE
	EndGlobalSection
	GlobalSection(ExtensibilityGlobals) = postSolution
		SolutionGuid = {E563E55F-9CFF-424C-A239-046841DB4519}
	EndGlobalSection
EndGlobal
